// !$*UTF8*$!
{
	archiveVersion = 1;
	classes = {
	};
	objectVersion = 51;
	objects = {

/* Begin PBXBuildFile section */
		694A5BB54DFDB5C8142195BF /* Pods_NavigationControllerResarch.framework in Frameworks */ = {isa = PBXBuildFile; fileRef = C0A8E05F8000D8AF83ADDB52 /* Pods_NavigationControllerResarch.framework */; };
		E55904C22339D5BA00621148 /* TKPNavigationInteractiveTransition.swift in Sources */ = {isa = PBXBuildFile; fileRef = E55904C12339D5BA00621148 /* TKPNavigationInteractiveTransition.swift */; };
		E55FC8B5232D317100E0C256 /* TKPNavigationItem.swift in Sources */ = {isa = PBXBuildFile; fileRef = E55FC8B4232D317100E0C256 /* TKPNavigationItem.swift */; };
		E56112342328EB40005DD8C3 /* TKNavigationController.swift in Sources */ = {isa = PBXBuildFile; fileRef = E56112332328EB40005DD8C3 /* TKNavigationController.swift */; };
		E56DEFA9232F77EE001AEC7A /* TKPNavigationBar.swift in Sources */ = {isa = PBXBuildFile; fileRef = E56DEFA8232F77EE001AEC7A /* TKPNavigationBar.swift */; };
		E56DEFAB232F93A2001AEC7A /* PresenterViewController.swift in Sources */ = {isa = PBXBuildFile; fileRef = E56DEFAA232F93A2001AEC7A /* PresenterViewController.swift */; };
		E57250FC234C9620000DCC89 /* RegularViewController.swift in Sources */ = {isa = PBXBuildFile; fileRef = E57250FB234C9620000DCC89 /* RegularViewController.swift */; };
		E5827067232C112500D5BE73 /* ThirdViewController.swift in Sources */ = {isa = PBXBuildFile; fileRef = E5827066232C112500D5BE73 /* ThirdViewController.swift */; };
		E58402822364B8BF008CFD8F /* NavigatonConfigurator.swift in Sources */ = {isa = PBXBuildFile; fileRef = E58402812364B8BF008CFD8F /* NavigatonConfigurator.swift */; };
		E5AA35B82320E776002416E0 /* AppDelegate.swift in Sources */ = {isa = PBXBuildFile; fileRef = E5AA35B72320E776002416E0 /* AppDelegate.swift */; };
		E5AA35BA2320E776002416E0 /* FirstViewController.swift in Sources */ = {isa = PBXBuildFile; fileRef = E5AA35B92320E776002416E0 /* FirstViewController.swift */; };
		E5AA35BF2320E778002416E0 /* Assets.xcassets in Resources */ = {isa = PBXBuildFile; fileRef = E5AA35BE2320E778002416E0 /* Assets.xcassets */; };
		E5AA35C22320E778002416E0 /* LaunchScreen.storyboard in Resources */ = {isa = PBXBuildFile; fileRef = E5AA35C02320E778002416E0 /* LaunchScreen.storyboard */; };
		E5AA35CA2320E793002416E0 /* SecondViewController.swift in Sources */ = {isa = PBXBuildFile; fileRef = E5AA35C92320E793002416E0 /* SecondViewController.swift */; };
		E5B16770235069D100737B53 /* NavigationConfiguratorViewController.swift in Sources */ = {isa = PBXBuildFile; fileRef = E5B1676F235069D100737B53 /* NavigationConfiguratorViewController.swift */; };
		E5DA11CA2329208B0082BF64 /* TKPNavigationPushAnimator.swift in Sources */ = {isa = PBXBuildFile; fileRef = E5DA11C92329208B0082BF64 /* TKPNavigationPushAnimator.swift */; };
		E5DA11CC232920A30082BF64 /* TKPNavigationPopAnimator.swift in Sources */ = {isa = PBXBuildFile; fileRef = E5DA11CB232920A30082BF64 /* TKPNavigationPopAnimator.swift */; };
/* End PBXBuildFile section */

/* Begin PBXFileReference section */
		3BEFAD2E40E309862108709D /* Pods-NavigationControllerResarch.debug.xcconfig */ = {isa = PBXFileReference; includeInIndex = 1; lastKnownFileType = text.xcconfig; name = "Pods-NavigationControllerResarch.debug.xcconfig"; path = "Target Support Files/Pods-NavigationControllerResarch/Pods-NavigationControllerResarch.debug.xcconfig"; sourceTree = "<group>"; };
		5235AED2BC8AB2AE07C370ED /* Pods-NavigationControllerResarch.release.xcconfig */ = {isa = PBXFileReference; includeInIndex = 1; lastKnownFileType = text.xcconfig; name = "Pods-NavigationControllerResarch.release.xcconfig"; path = "Target Support Files/Pods-NavigationControllerResarch/Pods-NavigationControllerResarch.release.xcconfig"; sourceTree = "<group>"; };
		C0A8E05F8000D8AF83ADDB52 /* Pods_NavigationControllerResarch.framework */ = {isa = PBXFileReference; explicitFileType = wrapper.framework; includeInIndex = 0; path = Pods_NavigationControllerResarch.framework; sourceTree = BUILT_PRODUCTS_DIR; };
		E55904C12339D5BA00621148 /* TKPNavigationInteractiveTransition.swift */ = {isa = PBXFileReference; lastKnownFileType = sourcecode.swift; path = TKPNavigationInteractiveTransition.swift; sourceTree = "<group>"; };
		E55FC8B4232D317100E0C256 /* TKPNavigationItem.swift */ = {isa = PBXFileReference; lastKnownFileType = sourcecode.swift; path = TKPNavigationItem.swift; sourceTree = "<group>"; };
		E56112332328EB40005DD8C3 /* TKNavigationController.swift */ = {isa = PBXFileReference; lastKnownFileType = sourcecode.swift; path = TKNavigationController.swift; sourceTree = "<group>"; };
		E56DEFA8232F77EE001AEC7A /* TKPNavigationBar.swift */ = {isa = PBXFileReference; lastKnownFileType = sourcecode.swift; path = TKPNavigationBar.swift; sourceTree = "<group>"; };
		E56DEFAA232F93A2001AEC7A /* PresenterViewController.swift */ = {isa = PBXFileReference; lastKnownFileType = sourcecode.swift; path = PresenterViewController.swift; sourceTree = "<group>"; };
		E57250FB234C9620000DCC89 /* RegularViewController.swift */ = {isa = PBXFileReference; lastKnownFileType = sourcecode.swift; path = RegularViewController.swift; sourceTree = "<group>"; };
		E5827066232C112500D5BE73 /* ThirdViewController.swift */ = {isa = PBXFileReference; lastKnownFileType = sourcecode.swift; path = ThirdViewController.swift; sourceTree = "<group>"; };
		E58402812364B8BF008CFD8F /* NavigatonConfigurator.swift */ = {isa = PBXFileReference; lastKnownFileType = sourcecode.swift; path = NavigatonConfigurator.swift; sourceTree = "<group>"; };
		E5AA35B42320E776002416E0 /* NavigationControllerResarch.app */ = {isa = PBXFileReference; explicitFileType = wrapper.application; includeInIndex = 0; path = NavigationControllerResarch.app; sourceTree = BUILT_PRODUCTS_DIR; };
		E5AA35B72320E776002416E0 /* AppDelegate.swift */ = {isa = PBXFileReference; lastKnownFileType = sourcecode.swift; path = AppDelegate.swift; sourceTree = "<group>"; };
		E5AA35B92320E776002416E0 /* FirstViewController.swift */ = {isa = PBXFileReference; lastKnownFileType = sourcecode.swift; path = FirstViewController.swift; sourceTree = "<group>"; };
		E5AA35BE2320E778002416E0 /* Assets.xcassets */ = {isa = PBXFileReference; lastKnownFileType = folder.assetcatalog; path = Assets.xcassets; sourceTree = "<group>"; };
		E5AA35C12320E778002416E0 /* Base */ = {isa = PBXFileReference; lastKnownFileType = file.storyboard; name = Base; path = Base.lproj/LaunchScreen.storyboard; sourceTree = "<group>"; };
		E5AA35C32320E778002416E0 /* Info.plist */ = {isa = PBXFileReference; lastKnownFileType = text.plist.xml; path = Info.plist; sourceTree = "<group>"; };
		E5AA35C92320E793002416E0 /* SecondViewController.swift */ = {isa = PBXFileReference; lastKnownFileType = sourcecode.swift; path = SecondViewController.swift; sourceTree = "<group>"; };
		E5B1676F235069D100737B53 /* NavigationConfiguratorViewController.swift */ = {isa = PBXFileReference; lastKnownFileType = sourcecode.swift; path = NavigationConfiguratorViewController.swift; sourceTree = "<group>"; };
		E5DA11C92329208B0082BF64 /* TKPNavigationPushAnimator.swift */ = {isa = PBXFileReference; lastKnownFileType = sourcecode.swift; path = TKPNavigationPushAnimator.swift; sourceTree = "<group>"; };
		E5DA11CB232920A30082BF64 /* TKPNavigationPopAnimator.swift */ = {isa = PBXFileReference; lastKnownFileType = sourcecode.swift; path = TKPNavigationPopAnimator.swift; sourceTree = "<group>"; };
/* End PBXFileReference section */

/* Begin PBXFrameworksBuildPhase section */
		E5AA35B12320E776002416E0 /* Frameworks */ = {
			isa = PBXFrameworksBuildPhase;
			buildActionMask = 2147483647;
			files = (
				694A5BB54DFDB5C8142195BF /* Pods_NavigationControllerResarch.framework in Frameworks */,
			);
			runOnlyForDeploymentPostprocessing = 0;
		};
/* End PBXFrameworksBuildPhase section */

/* Begin PBXGroup section */
		37B771B3C04565B7FC614D6B /* Frameworks */ = {
			isa = PBXGroup;
			children = (
				C0A8E05F8000D8AF83ADDB52 /* Pods_NavigationControllerResarch.framework */,
			);
			name = Frameworks;
			sourceTree = "<group>";
		};
		DD6CBC846F7346D5076DBB10 /* Pods */ = {
			isa = PBXGroup;
			children = (
				3BEFAD2E40E309862108709D /* Pods-NavigationControllerResarch.debug.xcconfig */,
				5235AED2BC8AB2AE07C370ED /* Pods-NavigationControllerResarch.release.xcconfig */,
			);
			path = Pods;
			sourceTree = "<group>";
		};
		E5AA35AB2320E776002416E0 = {
			isa = PBXGroup;
			children = (
				E5AA35B62320E776002416E0 /* NavigationControllerResarch */,
				E5AA35B52320E776002416E0 /* Products */,
				DD6CBC846F7346D5076DBB10 /* Pods */,
				37B771B3C04565B7FC614D6B /* Frameworks */,
			);
			sourceTree = "<group>";
		};
		E5AA35B52320E776002416E0 /* Products */ = {
			isa = PBXGroup;
			children = (
				E5AA35B42320E776002416E0 /* NavigationControllerResarch.app */,
			);
			name = Products;
			sourceTree = "<group>";
		};
		E5AA35B62320E776002416E0 /* NavigationControllerResarch */ = {
			isa = PBXGroup;
			children = (
				E5AA35B72320E776002416E0 /* AppDelegate.swift */,
				E5AA35B92320E776002416E0 /* FirstViewController.swift */,
				E5AA35C92320E793002416E0 /* SecondViewController.swift */,
				E5827066232C112500D5BE73 /* ThirdViewController.swift */,
				E56DEFAA232F93A2001AEC7A /* PresenterViewController.swift */,
				E57250FB234C9620000DCC89 /* RegularViewController.swift */,
				E5B1676F235069D100737B53 /* NavigationConfiguratorViewController.swift */,
				E58402812364B8BF008CFD8F /* NavigatonConfigurator.swift */,
				E5DA11C8232920670082BF64 /* TKPNavigationController */,
				E5AA35BE2320E778002416E0 /* Assets.xcassets */,
				E5AA35C02320E778002416E0 /* LaunchScreen.storyboard */,
				E5AA35C32320E778002416E0 /* Info.plist */,
			);
			path = NavigationControllerResarch;
			sourceTree = "<group>";
		};
		E5DA11C8232920670082BF64 /* TKPNavigationController */ = {
			isa = PBXGroup;
			children = (
				E56112332328EB40005DD8C3 /* TKNavigationController.swift */,
				E55FC8B4232D317100E0C256 /* TKPNavigationItem.swift */,
				E56DEFA8232F77EE001AEC7A /* TKPNavigationBar.swift */,
				E5DA11C92329208B0082BF64 /* TKPNavigationPushAnimator.swift */,
				E5DA11CB232920A30082BF64 /* TKPNavigationPopAnimator.swift */,
				E55904C12339D5BA00621148 /* TKPNavigationInteractiveTransition.swift */,
			);
			path = TKPNavigationController;
			sourceTree = "<group>";
		};
/* End PBXGroup section */

/* Begin PBXNativeTarget section */
		E5AA35B32320E776002416E0 /* NavigationControllerResarch */ = {
			isa = PBXNativeTarget;
			buildConfigurationList = E5AA35C62320E778002416E0 /* Build configuration list for PBXNativeTarget "NavigationControllerResarch" */;
			buildPhases = (
				CECB16E874FEB9BAE3AB7054 /* [CP] Check Pods Manifest.lock */,
				E5AA35B02320E776002416E0 /* Sources */,
				E5AA35B12320E776002416E0 /* Frameworks */,
				E5AA35B22320E776002416E0 /* Resources */,
				F162B4C419D35C47D8D46EC4 /* [CP] Embed Pods Frameworks */,
				E564ED532339199900E3221F /* ShellScript */,
			);
			buildRules = (
			);
			dependencies = (
			);
			name = NavigationControllerResarch;
			productName = NavigationControllerResarch;
			productReference = E5AA35B42320E776002416E0 /* NavigationControllerResarch.app */;
			productType = "com.apple.product-type.application";
		};
/* End PBXNativeTarget section */

/* Begin PBXProject section */
		E5AA35AC2320E776002416E0 /* Project object */ = {
			isa = PBXProject;
			attributes = {
				LastSwiftUpdateCheck = 1020;
				LastUpgradeCheck = 1020;
				ORGANIZATIONNAME = "Ambar Septian";
				TargetAttributes = {
					E5AA35B32320E776002416E0 = {
						CreatedOnToolsVersion = 10.2.1;
					};
				};
			};
			buildConfigurationList = E5AA35AF2320E776002416E0 /* Build configuration list for PBXProject "NavigationControllerResarch" */;
			compatibilityVersion = "Xcode 9.3";
			developmentRegion = en;
			hasScannedForEncodings = 0;
			knownRegions = (
				en,
				Base,
			);
			mainGroup = E5AA35AB2320E776002416E0;
			productRefGroup = E5AA35B52320E776002416E0 /* Products */;
			projectDirPath = "";
			projectRoot = "";
			targets = (
				E5AA35B32320E776002416E0 /* NavigationControllerResarch */,
			);
		};
/* End PBXProject section */

/* Begin PBXResourcesBuildPhase section */
		E5AA35B22320E776002416E0 /* Resources */ = {
			isa = PBXResourcesBuildPhase;
			buildActionMask = 2147483647;
			files = (
				E5AA35C22320E778002416E0 /* LaunchScreen.storyboard in Resources */,
				E5AA35BF2320E778002416E0 /* Assets.xcassets in Resources */,
			);
			runOnlyForDeploymentPostprocessing = 0;
		};
/* End PBXResourcesBuildPhase section */

/* Begin PBXShellScriptBuildPhase section */
		CECB16E874FEB9BAE3AB7054 /* [CP] Check Pods Manifest.lock */ = {
			isa = PBXShellScriptBuildPhase;
			buildActionMask = 2147483647;
			files = (
			);
			inputFileListPaths = (
			);
			inputPaths = (
				"${PODS_PODFILE_DIR_PATH}/Podfile.lock",
				"${PODS_ROOT}/Manifest.lock",
			);
			name = "[CP] Check Pods Manifest.lock";
			outputFileListPaths = (
			);
			outputPaths = (
				"$(DERIVED_FILE_DIR)/Pods-NavigationControllerResarch-checkManifestLockResult.txt",
			);
			runOnlyForDeploymentPostprocessing = 0;
			shellPath = /bin/sh;
			shellScript = "diff \"${PODS_PODFILE_DIR_PATH}/Podfile.lock\" \"${PODS_ROOT}/Manifest.lock\" > /dev/null\nif [ $? != 0 ] ; then\n    # print error to STDERR\n    echo \"error: The sandbox is not in sync with the Podfile.lock. Run 'pod install' or update your CocoaPods installation.\" >&2\n    exit 1\nfi\n# This output is used by Xcode 'outputs' to avoid re-running this script phase.\necho \"SUCCESS\" > \"${SCRIPT_OUTPUT_FILE_0}\"\n";
			showEnvVarsInLog = 0;
		};
		E564ED532339199900E3221F /* ShellScript */ = {
			isa = PBXShellScriptBuildPhase;
			buildActionMask = 2147483647;
			files = (
			);
			inputFileListPaths = (
			);
			inputPaths = (
			);
			outputFileListPaths = (
			);
			outputPaths = (
			);
			runOnlyForDeploymentPostprocessing = 0;
			shellPath = /bin/sh;
			shellScript = "
";
		};
		F162B4C419D35C47D8D46EC4 /* [CP] Embed Pods Frameworks */ = {
			isa = PBXShellScriptBuildPhase;
			buildActionMask = 2147483647;
			files = (
			);
			inputFileListPaths = (
				"${PODS_ROOT}/Target Support Files/Pods-NavigationControllerResarch/Pods-NavigationControllerResarch-frameworks-${CONFIGURATION}-input-files.xcfilelist",
			);
			name = "[CP] Embed Pods Frameworks";
			outputFileListPaths = (
				"${PODS_ROOT}/Target Support Files/Pods-NavigationControllerResarch/Pods-NavigationControllerResarch-frameworks-${CONFIGURATION}-output-files.xcfilelist",
			);
			runOnlyForDeploymentPostprocessing = 0;
			shellPath = /bin/sh;
			shellScript = "\"${PODS_ROOT}/Target Support Files/Pods-NavigationControllerResarch/Pods-NavigationControllerResarch-frameworks.sh\"\n";
			showEnvVarsInLog = 0;
		};
/* End PBXShellScriptBuildPhase section */

/* Begin PBXSourcesBuildPhase section */
		E5AA35B02320E776002416E0 /* Sources */ = {
			isa = PBXSourcesBuildPhase;
			buildActionMask = 2147483647;
			files = (
				E58402822364B8BF008CFD8F /* NavigatonConfigurator.swift in Sources */,
				E55904C22339D5BA00621148 /* TKPNavigationInteractiveTransition.swift in Sources */,
				E56DEFAB232F93A2001AEC7A /* PresenterViewController.swift in Sources */,
				E57250FC234C9620000DCC89 /* RegularViewController.swift in Sources */,
				E5B16770235069D100737B53 /* NavigationConfiguratorViewController.swift in Sources */,
				E5DA11CA2329208B0082BF64 /* TKPNavigationPushAnimator.swift in Sources */,
				E55FC8B5232D317100E0C256 /* TKPNavigationItem.swift in Sources */,
				E56112342328EB40005DD8C3 /* TKNavigationController.swift in Sources */,
				E5AA35CA2320E793002416E0 /* SecondViewController.swift in Sources */,
				E5DA11CC232920A30082BF64 /* TKPNavigationPopAnimator.swift in Sources */,
				E56DEFA9232F77EE001AEC7A /* TKPNavigationBar.swift in Sources */,
				E5AA35BA2320E776002416E0 /* FirstViewController.swift in Sources */,
				E5AA35B82320E776002416E0 /* AppDelegate.swift in Sources */,
				E5827067232C112500D5BE73 /* ThirdViewController.swift in Sources */,
			);
			runOnlyForDeploymentPostprocessing = 0;
		};
/* End PBXSourcesBuildPhase section */

/* Begin PBXVariantGroup section */
		E5AA35C02320E778002416E0 /* LaunchScreen.storyboard */ = {
			isa = PBXVariantGroup;
			children = (
				E5AA35C12320E778002416E0 /* Base */,
			);
			name = LaunchScreen.storyboard;
			sourceTree = "<group>";
		};
/* End PBXVariantGroup section */

/* Begin XCBuildConfiguration section */
		E5AA35C42320E778002416E0 /* Debug */ = {
			isa = XCBuildConfiguration;
			buildSettings = {
				ALWAYS_SEARCH_USER_PATHS = NO;
				CLANG_ANALYZER_NONNULL = YES;
				CLANG_ANALYZER_NUMBER_OBJECT_CONVERSION = YES_AGGRESSIVE;
				CLANG_CXX_LANGUAGE_STANDARD = "gnu++14";
				CLANG_CXX_LIBRARY = "libc++";
				CLANG_ENABLE_MODULES = YES;
				CLANG_ENABLE_OBJC_ARC = YES;
				CLANG_ENABLE_OBJC_WEAK = YES;
				CLANG_WARN_BLOCK_CAPTURE_AUTORELEASING = YES;
				CLANG_WARN_BOOL_CONVERSION = YES;
				CLANG_WARN_COMMA = YES;
				CLANG_WARN_CONSTANT_CONVERSION = YES;
				CLANG_WARN_DEPRECATED_OBJC_IMPLEMENTATIONS = YES;
				CLANG_WARN_DIRECT_OBJC_ISA_USAGE = YES_ERROR;
				CLANG_WARN_DOCUMENTATION_COMMENTS = YES;
				CLANG_WARN_EMPTY_BODY = YES;
				CLANG_WARN_ENUM_CONVERSION = YES;
				CLANG_WARN_INFINITE_RECURSION = YES;
				CLANG_WARN_INT_CONVERSION = YES;
				CLANG_WARN_NON_LITERAL_NULL_CONVERSION = YES;
				CLANG_WARN_OBJC_IMPLICIT_RETAIN_SELF = YES;
				CLANG_WARN_OBJC_LITERAL_CONVERSION = YES;
				CLANG_WARN_OBJC_ROOT_CLASS = YES_ERROR;
				CLANG_WARN_RANGE_LOOP_ANALYSIS = YES;
				CLANG_WARN_STRICT_PROTOTYPES = YES;
				CLANG_WARN_SUSPICIOUS_MOVE = YES;
				CLANG_WARN_UNGUARDED_AVAILABILITY = YES_AGGRESSIVE;
				CLANG_WARN_UNREACHABLE_CODE = YES;
				CLANG_WARN__DUPLICATE_METHOD_MATCH = YES;
				CODE_SIGN_IDENTITY = "iPhone Developer";
				COPY_PHASE_STRIP = NO;
				DEBUG_INFORMATION_FORMAT = dwarf;
				ENABLE_STRICT_OBJC_MSGSEND = YES;
				ENABLE_TESTABILITY = YES;
				GCC_C_LANGUAGE_STANDARD = gnu11;
				GCC_DYNAMIC_NO_PIC = NO;
				GCC_NO_COMMON_BLOCKS = YES;
				GCC_OPTIMIZATION_LEVEL = 0;
				GCC_PREPROCESSOR_DEFINITIONS = (
					"DEBUG=1",
					"$(inherited)",
				);
				GCC_WARN_64_TO_32_BIT_CONVERSION = YES;
				GCC_WARN_ABOUT_RETURN_TYPE = YES_ERROR;
				GCC_WARN_UNDECLARED_SELECTOR = YES;
				GCC_WARN_UNINITIALIZED_AUTOS = YES_AGGRESSIVE;
				GCC_WARN_UNUSED_FUNCTION = YES;
				GCC_WARN_UNUSED_VARIABLE = YES;
				IPHONEOS_DEPLOYMENT_TARGET = 12.2;
				MTL_ENABLE_DEBUG_INFO = INCLUDE_SOURCE;
				MTL_FAST_MATH = YES;
				ONLY_ACTIVE_ARCH = YES;
				SDKROOT = iphoneos;
				SWIFT_ACTIVE_COMPILATION_CONDITIONS = DEBUG;
				SWIFT_OPTIMIZATION_LEVEL = "-Onone";
			};
			name = Debug;
		};
		E5AA35C52320E778002416E0 /* Release */ = {
			isa = XCBuildConfiguration;
			buildSettings = {
				ALWAYS_SEARCH_USER_PATHS = NO;
				CLANG_ANALYZER_NONNULL = YES;
				CLANG_ANALYZER_NUMBER_OBJECT_CONVERSION = YES_AGGRESSIVE;
				CLANG_CXX_LANGUAGE_STANDARD = "gnu++14";
				CLANG_CXX_LIBRARY = "libc++";
				CLANG_ENABLE_MODULES = YES;
				CLANG_ENABLE_OBJC_ARC = YES;
				CLANG_ENABLE_OBJC_WEAK = YES;
				CLANG_WARN_BLOCK_CAPTURE_AUTORELEASING = YES;
				CLANG_WARN_BOOL_CONVERSION = YES;
				CLANG_WARN_COMMA = YES;
				CLANG_WARN_CONSTANT_CONVERSION = YES;
				CLANG_WARN_DEPRECATED_OBJC_IMPLEMENTATIONS = YES;
				CLANG_WARN_DIRECT_OBJC_ISA_USAGE = YES_ERROR;
				CLANG_WARN_DOCUMENTATION_COMMENTS = YES;
				CLANG_WARN_EMPTY_BODY = YES;
				CLANG_WARN_ENUM_CONVERSION = YES;
				CLANG_WARN_INFINITE_RECURSION = YES;
				CLANG_WARN_INT_CONVERSION = YES;
				CLANG_WARN_NON_LITERAL_NULL_CONVERSION = YES;
				CLANG_WARN_OBJC_IMPLICIT_RETAIN_SELF = YES;
				CLANG_WARN_OBJC_LITERAL_CONVERSION = YES;
				CLANG_WARN_OBJC_ROOT_CLASS = YES_ERROR;
				CLANG_WARN_RANGE_LOOP_ANALYSIS = YES;
				CLANG_WARN_STRICT_PROTOTYPES = YES;
				CLANG_WARN_SUSPICIOUS_MOVE = YES;
				CLANG_WARN_UNGUARDED_AVAILABILITY = YES_AGGRESSIVE;
				CLANG_WARN_UNREACHABLE_CODE = YES;
				CLANG_WARN__DUPLICATE_METHOD_MATCH = YES;
				CODE_SIGN_IDENTITY = "iPhone Developer";
				COPY_PHASE_STRIP = NO;
				DEBUG_INFORMATION_FORMAT = "dwarf-with-dsym";
				ENABLE_NS_ASSERTIONS = NO;
				ENABLE_STRICT_OBJC_MSGSEND = YES;
				GCC_C_LANGUAGE_STANDARD = gnu11;
				GCC_NO_COMMON_BLOCKS = YES;
				GCC_WARN_64_TO_32_BIT_CONVERSION = YES;
				GCC_WARN_ABOUT_RETURN_TYPE = YES_ERROR;
				GCC_WARN_UNDECLARED_SELECTOR = YES;
				GCC_WARN_UNINITIALIZED_AUTOS = YES_AGGRESSIVE;
				GCC_WARN_UNUSED_FUNCTION = YES;
				GCC_WARN_UNUSED_VARIABLE = YES;
				IPHONEOS_DEPLOYMENT_TARGET = 12.2;
				MTL_ENABLE_DEBUG_INFO = NO;
				MTL_FAST_MATH = YES;
				SDKROOT = iphoneos;
				SWIFT_COMPILATION_MODE = wholemodule;
				SWIFT_OPTIMIZATION_LEVEL = "-O";
				VALIDATE_PRODUCT = YES;
			};
			name = Release;
		};
		E5AA35C72320E778002416E0 /* Debug */ = {
			isa = XCBuildConfiguration;
			baseConfigurationReference = 3BEFAD2E40E309862108709D /* Pods-NavigationControllerResarch.debug.xcconfig */;
			buildSettings = {
				ASSETCATALOG_COMPILER_APPICON_NAME = AppIcon;
				CODE_SIGN_STYLE = Automatic;
				DEVELOPMENT_TEAM = 79D36Y5DN3;
				INFOPLIST_FILE = NavigationControllerResarch/Info.plist;
				IPHONEOS_DEPLOYMENT_TARGET = 10.3;
				LD_RUNPATH_SEARCH_PATHS = (
					"$(inherited)",
					"@executable_path/Frameworks",
				);
				PRODUCT_BUNDLE_IDENTIFIER = com.navigation.NavigationControllerResearch;
				PRODUCT_NAME = "$(TARGET_NAME)";
				SWIFT_VERSION = 5.0;
				TARGETED_DEVICE_FAMILY = "1,2";
			};
			name = Debug;
		};
		E5AA35C82320E778002416E0 /* Release */ = {
			isa = XCBuildConfiguration;
			baseConfigurationReference = 5235AED2BC8AB2AE07C370ED /* Pods-NavigationControllerResarch.release.xcconfig */;
			buildSettings = {
				ASSETCATALOG_COMPILER_APPICON_NAME = AppIcon;
				CODE_SIGN_STYLE = Automatic;
				DEVELOPMENT_TEAM = 79D36Y5DN3;
				INFOPLIST_FILE = NavigationControllerResarch/Info.plist;
				IPHONEOS_DEPLOYMENT_TARGET = 10.3;
				LD_RUNPATH_SEARCH_PATHS = (
					"$(inherited)",
					"@executable_path/Frameworks",
				);
				PRODUCT_BUNDLE_IDENTIFIER = com.navigation.NavigationControllerResearch;
				PRODUCT_NAME = "$(TARGET_NAME)";
				SWIFT_VERSION = 5.0;
				TARGETED_DEVICE_FAMILY = "1,2";
			};
			name = Release;
		};
/* End XCBuildConfiguration section */

/* Begin XCConfigurationList section */
		E5AA35AF2320E776002416E0 /* Build configuration list for PBXProject "NavigationControllerResarch" */ = {
			isa = XCConfigurationList;
			buildConfigurations = (
				E5AA35C42320E778002416E0 /* Debug */,
				E5AA35C52320E778002416E0 /* Release */,
			);
			defaultConfigurationIsVisible = 0;
			defaultConfigurationName = Release;
		};
		E5AA35C62320E778002416E0 /* Build configuration list for PBXNativeTarget "NavigationControllerResarch" */ = {
			isa = XCConfigurationList;
			buildConfigurations = (
				E5AA35C72320E778002416E0 /* Debug */,
				E5AA35C82320E778002416E0 /* Release */,
			);
			defaultConfigurationIsVisible = 0;
			defaultConfigurationName = Release;
		};
/* End XCConfigurationList section */
	};
	rootObject = E5AA35AC2320E776002416E0 /* Project object */;
}
