PODS:
  - FLEX (3.0.0)
  - PINCache (3.0.1-beta.6):
    - PINCache/Arc-exception-safe (= 3.0.1-beta.6)
    - PINCache/Core (= 3.0.1-beta.6)
  - PINCache/Arc-exception-safe (3.0.1-beta.6):
    - PINCache/Core
  - PINCache/Core (3.0.1-beta.6):
    - PINOperation (~> 1.1.0)
  - PINOperation (1.1.2)
  - PINRemoteImage/Core (3.0.0-beta.13):
    - PINOperation
  - PINRemoteImage/iOS (3.0.0-beta.13):
    - PINRemoteImage/Core
  - PINRemoteImage/PINCache (3.0.0-beta.13):
    - PINCache (= 3.0.1-beta.6)
    - PINRemoteImage/Core
  - RxCocoa (5.0.0):
    - RxRelay (~> 5)
    - RxSwift (~> 5)
  - RxRelay (5.0.0):
    - RxSwift (~> 5)
  - RxSwift (5.0.0)
  - Texture (2.8):
    - Texture/AssetsLibrary (= 2.8)
    - Texture/Core (= 2.8)
    - Texture/MapKit (= 2.8)
    - Texture/Photos (= 2.8)
    - Texture/PINRemoteImage (= 2.8)
    - Texture/Video (= 2.8)
  - Texture/AssetsLibrary (2.8):
    - Texture/Core
  - Texture/Core (2.8)
  - Texture/MapKit (2.8):
    - Texture/Core
  - Texture/Photos (2.8):
    - Texture/Core
  - Texture/PINRemoteImage (2.8):
    - PINRemoteImage/iOS (= 3.0.0-beta.13)
    - PINRemoteImage/PINCache
    - Texture/Core
  - Texture/Video (2.8):
    - Texture/Core

DEPENDENCIES:
  - FLEX (~> 3.0)
  - RxCocoa
  - RxSwift
  - Texture (= 2.8)

SPEC REPOS:
  https://github.com/cocoapods/specs.git:
    - FLEX
    - PINCache
    - PINOperation
    - PINRemoteImage
    - RxCocoa
    - RxRelay
    - RxSwift
    - Texture

SPEC CHECKSUMS:
  FLEX: d66c759bce0f6ebbbf472c742380874d846f2883
  PINCache: d195fdba255283f7e9900a55e3cced377f431f9b
  PINOperation: 24b774353ca248fcf87d67b2d61eef42087c125a
  PINRemoteImage: d6d51c5d2adda55f1ce30c96e850b6c4ebd2856a
  RxCocoa: fcf32050ac00d801f34a7f71d5e8e7f23026dcd8
  RxRelay: 4f7409406a51a55cd88483f21ed898c234d60f18
  RxSwift: 8b0671caa829a763bbce7271095859121cbd895f
  Texture: fc6e0157201f3a6e503d364c147b1872e365cef4

PODFILE CHECKSUM: 220305af3ccaf5619cf3bc5cd4f5dcbf7fcd73d9

COCOAPODS: 1.7.4
